{
  "name": "access2future",
  "version": "0.1.2",
  "lockfileVersion": 3,
  "requires": true,
  "packages": {
    "": {
      "name": "access2future",
      "version": "0.1.2",
      "license": "Apache-2.0",
      "devDependencies": {
        "@mermaid-js/tiny": "12.1.0"
      },
      "engines": {
        "node": ">=22"
      }
    },
    "node_modules/@mermaid-js/tiny": {
      "version": "12.1.0",
      "resolved": "https://registry.npmjs.org/@mermaid-js/tiny/-/tiny-12.1.0.tgz",
      "integrity": "sha512-z/N9vnXv+5Ffcdj19viXxPhSy7Jt5y4vtS+Aa9iZVGIo2U0KKNgO2U+xm8plHh3y5eUVkschMCXfc/DIz8A6uQ==",
      "dev": true,
      "license": "MIT",
      "engines": {
        "node": ">=22.12.0"
      }
    }
  }
}
